
Microsoft Visual Studio Solution File, Format Version 12.00
# Visual Studio Version 17
VisualStudioVersion = 17.8.34322.80
MinimumVisualStudioVersion = 10.0.40219.1
Project("{FAE04EC0-301F-11D3-BF4B-00C04F79EFBC}") = "chatServer", "..\chatServer\chatServer.csproj", "{639E4EE0-E3E0-449B-9832-CEF40B244E1C}"
EndProject
Project("{FAE04EC0-301F-11D3-BF4B-00C04F79EFBC}") = "chatClient", "..\chatClinet\chatClient.csproj", "{90C403A6-8915-47AC-A42D-55D3EFE53EFC}"
EndProject
Global
	GlobalSection(SolutionConfigurationPlatforms) = preSolution
		Debug|Any CPU = Debug|Any CPU
		Release|Any CPU = Release|Any CPU
	EndGlobalSection
	GlobalSection(ProjectConfigurationPlatforms) = postSolution
		{639E4EE0-E3E0-449B-9832-CEF40B244E1C}.Debug|Any CPU.ActiveCfg = Debug|Any CPU
		{639E4EE0-E3E0-449B-9832-CEF40B244E1C}.Debug|Any CPU.Build.0 = Debug|Any CPU
		{639E4EE0-E3E0-449B-9832-CEF40B244E1C}.Release|Any CPU.ActiveCfg = Release|Any CPU
		{639E4EE0-E3E0-449B-9832-CEF40B244E1C}.Release|Any CPU.Build.0 = Release|Any CPU
		{90C403A6-8915-47AC-A42D-55D3EFE53EFC}.Debug|Any CPU.ActiveCfg = Debug|Any CPU
		{90C403A6-8915-47AC-A42D-55D3EFE53EFC}.Debug|Any CPU.Build.0 = Debug|Any CPU
		{90C403A6-8915-47AC-A42D-55D3EFE53EFC}.Release|Any CPU.ActiveCfg = Release|Any CPU
		{90C403A6-8915-47AC-A42D-55D3EFE53EFC}.Release|Any CPU.Build.0 = Release|Any CPU
	EndGlobalSection
	GlobalSection(SolutionProperties) = preSolution
		HideSolutionNode = FALSE
	EndGlobalSection
	GlobalSection(ExtensibilityGlobals) = postSolution
		SolutionGuid = {DC5A250D-6817-451B-86EE-E91494E9099D}
	EndGlobalSection
EndGlobal
